
Microsoft Visual Studio Solution File, Format Version 12.00
# Visual Studio 15
VisualStudioVersion = 15.0.26430.15
MinimumVisualStudioVersion = 10.0.40219.1
Project("{FAE04EC0-301F-11D3-BF4B-00C04F79EFBC}") = "AppLoreal.Android", "AppLoreal\AppLoreal.Android\AppLoreal.Android.csproj", "{1AE59B92-611C-48E7-B9DB-83FCE887DAF4}"
EndProject
Project("{FAE04EC0-301F-11D3-BF4B-00C04F79EFBC}") = "AppLoreal", "AppLoreal\AppLoreal\AppLoreal.csproj", "{116834B7-AB60-449A-88BB-1B02B4CB52E5}"
EndProject
Project("{FAE04EC0-301F-11D3-BF4B-00C04F79EFBC}") = "AppLoreal.iOS", "AppLoreal\AppLoreal.iOS\AppLoreal.iOS.csproj", "{62EAC701-8E84-4381-BC05-5CB04C10CA84}"
EndProject
Global
	GlobalSection(SolutionConfigurationPlatforms) = preSolution
		Ad-Hoc|Any CPU = Ad-Hoc|Any CPU
		Ad-Hoc|iPhone = Ad-Hoc|iPhone
		Ad-Hoc|iPhoneSimulator = Ad-Hoc|iPhoneSimulator
		AppStore|Any CPU = AppStore|Any CPU
		AppStore|iPhone = AppStore|iPhone
		AppStore|iPhoneSimulator = AppStore|iPhoneSimulator
		Debug|Any CPU = Debug|Any CPU
		Debug|iPhone = Debug|iPhone
		Debug|iPhoneSimulator = Debug|iPhoneSimulator
		Release|Any CPU = Release|Any CPU
		Release|iPhone = Release|iPhone
		Release|iPhoneSimulator = Release|iPhoneSimulator
	EndGlobalSection
	GlobalSection(ProjectConfigurationPlatforms) = postSolution
		{1AE59B92-611C-48E7-B9DB-83FCE887DAF4}.Ad-Hoc|Any CPU.ActiveCfg = Release|Any CPU
		{1AE59B92-611C-48E7-B9DB-83FCE887DAF4}.Ad-Hoc|Any CPU.Build.0 = Release|Any CPU
		{1AE59B92-611C-48E7-B9DB-83FCE887DAF4}.Ad-Hoc|Any CPU.Deploy.0 = Release|Any CPU
		{1AE59B92-611C-48E7-B9DB-83FCE887DAF4}.Ad-Hoc|iPhone.ActiveCfg = Release|Any CPU
		{1AE59B92-611C-48E7-B9DB-83FCE887DAF4}.Ad-Hoc|iPhone.Build.0 = Release|Any CPU
		{1AE59B92-611C-48E7-B9DB-83FCE887DAF4}.Ad-Hoc|iPhone.Deploy.0 = Release|Any CPU
		{1AE59B92-611C-48E7-B9DB-83FCE887DAF4}.Ad-Hoc|iPhoneSimulator.ActiveCfg = Release|Any CPU
		{1AE59B92-611C-48E7-B9DB-83FCE887DAF4}.Ad-Hoc|iPhoneSimulator.Build.0 = Release|Any CPU
		{1AE59B92-611C-48E7-B9DB-83FCE887DAF4}.Ad-Hoc|iPhoneSimulator.Deploy.0 = Release|Any CPU
		{1AE59B92-611C-48E7-B9DB-83FCE887DAF4}.AppStore|Any CPU.ActiveCfg = Release|Any CPU
		{1AE59B92-611C-48E7-B9DB-83FCE887DAF4}.AppStore|Any CPU.Build.0 = Release|Any CPU
		{1AE59B92-611C-48E7-B9DB-83FCE887DAF4}.AppStore|Any CPU.Deploy.0 = Release|Any CPU
		{1AE59B92-611C-48E7-B9DB-83FCE887DAF4}.AppStore|iPhone.ActiveCfg = Release|Any CPU
		{1AE59B92-611C-48E7-B9DB-83FCE887DAF4}.AppStore|iPhone.Build.0 = Release|Any CPU
		{1AE59B92-611C-48E7-B9DB-83FCE887DAF4}.AppStore|iPhone.Deploy.0 = Release|Any CPU
		{1AE59B92-611C-48E7-B9DB-83FCE887DAF4}.AppStore|iPhoneSimulator.ActiveCfg = Release|Any CPU
		{1AE59B92-611C-48E7-B9DB-83FCE887DAF4}.AppStore|iPhoneSimulator.Build.0 = Release|Any CPU
		{1AE59B92-611C-48E7-B9DB-83FCE887DAF4}.AppStore|iPhoneSimulator.Deploy.0 = Release|Any CPU
		{1AE59B92-611C-48E7-B9DB-83FCE887DAF4}.Debug|Any CPU.ActiveCfg = Debug|Any CPU
		{1AE59B92-611C-48E7-B9DB-83FCE887DAF4}.Debug|Any CPU.Build.0 = Debug|Any CPU
		{1AE59B92-611C-48E7-B9DB-83FCE887DAF4}.Debug|Any CPU.Deploy.0 = Debug|Any CPU
		{1AE59B92-611C-48E7-B9DB-83FCE887DAF4}.Debug|iPhone.ActiveCfg = Debug|Any CPU
		{1AE59B92-611C-48E7-B9DB-83FCE887DAF4}.Debug|iPhone.Build.0 = Debug|Any CPU
		{1AE59B92-611C-48E7-B9DB-83FCE887DAF4}.Debug|iPhone.Deploy.0 = Debug|Any CPU
		{1AE59B92-611C-48E7-B9DB-83FCE887DAF4}.Debug|iPhoneSimulator.ActiveCfg = Debug|Any CPU
		{1AE59B92-611C-48E7-B9DB-83FCE887DAF4}.Debug|iPhoneSimulator.Build.0 = Debug|Any CPU
		{1AE59B92-611C-48E7-B9DB-83FCE887DAF4}.Debug|iPhoneSimulator.Deploy.0 = Debug|Any CPU
		{1AE59B92-611C-48E7-B9DB-83FCE887DAF4}.Release|Any CPU.ActiveCfg = Release|Any CPU
		{1AE59B92-611C-48E7-B9DB-83FCE887DAF4}.Release|Any CPU.Build.0 = Release|Any CPU
		{1AE59B92-611C-48E7-B9DB-83FCE887DAF4}.Release|Any CPU.Deploy.0 = Release|Any CPU
		{1AE59B92-611C-48E7-B9DB-83FCE887DAF4}.Release|iPhone.ActiveCfg = Release|Any CPU
		{1AE59B92-611C-48E7-B9DB-83FCE887DAF4}.Release|iPhone.Build.0 = Release|Any CPU
		{1AE59B92-611C-48E7-B9DB-83FCE887DAF4}.Release|iPhone.Deploy.0 = Release|Any CPU
		{1AE59B92-611C-48E7-B9DB-83FCE887DAF4}.Release|iPhoneSimulator.ActiveCfg = Release|Any CPU
		{1AE59B92-611C-48E7-B9DB-83FCE887DAF4}.Release|iPhoneSimulator.Build.0 = Release|Any CPU
		{1AE59B92-611C-48E7-B9DB-83FCE887DAF4}.Release|iPhoneSimulator.Deploy.0 = Release|Any CPU
		{116834B7-AB60-449A-88BB-1B02B4CB52E5}.Ad-Hoc|Any CPU.ActiveCfg = Release|Any CPU
		{116834B7-AB60-449A-88BB-1B02B4CB52E5}.Ad-Hoc|Any CPU.Build.0 = Release|Any CPU
		{116834B7-AB60-449A-88BB-1B02B4CB52E5}.Ad-Hoc|iPhone.ActiveCfg = Release|Any CPU
		{116834B7-AB60-449A-88BB-1B02B4CB52E5}.Ad-Hoc|iPhone.Build.0 = Release|Any CPU
		{116834B7-AB60-449A-88BB-1B02B4CB52E5}.Ad-Hoc|iPhoneSimulator.ActiveCfg = Release|Any CPU
		{116834B7-AB60-449A-88BB-1B02B4CB52E5}.Ad-Hoc|iPhoneSimulator.Build.0 = Release|Any CPU
		{116834B7-AB60-449A-88BB-1B02B4CB52E5}.AppStore|Any CPU.ActiveCfg = Release|Any CPU
		{116834B7-AB60-449A-88BB-1B02B4CB52E5}.AppStore|Any CPU.Build.0 = Release|Any CPU
		{116834B7-AB60-449A-88BB-1B02B4CB52E5}.AppStore|iPhone.ActiveCfg = Release|Any CPU
		{116834B7-AB60-449A-88BB-1B02B4CB52E5}.AppStore|iPhone.Build.0 = Release|Any CPU
		{116834B7-AB60-449A-88BB-1B02B4CB52E5}.AppStore|iPhoneSimulator.ActiveCfg = Release|Any CPU
		{116834B7-AB60-449A-88BB-1B02B4CB52E5}.AppStore|iPhoneSimulator.Build.0 = Release|Any CPU
		{116834B7-AB60-449A-88BB-1B02B4CB52E5}.Debug|Any CPU.ActiveCfg = Debug|Any CPU
		{116834B7-AB60-449A-88BB-1B02B4CB52E5}.Debug|Any CPU.Build.0 = Debug|Any CPU
		{116834B7-AB60-449A-88BB-1B02B4CB52E5}.Debug|iPhone.ActiveCfg = Debug|Any CPU
		{116834B7-AB60-449A-88BB-1B02B4CB52E5}.Debug|iPhone.Build.0 = Debug|Any CPU
		{116834B7-AB60-449A-88BB-1B02B4CB52E5}.Debug|iPhoneSimulator.ActiveCfg = Debug|Any CPU
		{116834B7-AB60-449A-88BB-1B02B4CB52E5}.Debug|iPhoneSimulator.Build.0 = Debug|Any CPU
		{116834B7-AB60-449A-88BB-1B02B4CB52E5}.Release|Any CPU.ActiveCfg = Release|Any CPU
		{116834B7-AB60-449A-88BB-1B02B4CB52E5}.Release|Any CPU.Build.0 = Release|Any CPU
		{116834B7-AB60-449A-88BB-1B02B4CB52E5}.Release|iPhone.ActiveCfg = Release|Any CPU
		{116834B7-AB60-449A-88BB-1B02B4CB52E5}.Release|iPhone.Build.0 = Release|Any CPU
		{116834B7-AB60-449A-88BB-1B02B4CB52E5}.Release|iPhoneSimulator.ActiveCfg = Release|Any CPU
		{116834B7-AB60-449A-88BB-1B02B4CB52E5}.Release|iPhoneSimulator.Build.0 = Release|Any CPU
		{62EAC701-8E84-4381-BC05-5CB04C10CA84}.Ad-Hoc|Any CPU.ActiveCfg = Ad-Hoc|iPhone
		{62EAC701-8E84-4381-BC05-5CB04C10CA84}.Ad-Hoc|iPhone.ActiveCfg = Ad-Hoc|iPhone
		{62EAC701-8E84-4381-BC05-5CB04C10CA84}.Ad-Hoc|iPhone.Build.0 = Ad-Hoc|iPhone
		{62EAC701-8E84-4381-BC05-5CB04C10CA84}.Ad-Hoc|iPhoneSimulator.ActiveCfg = Ad-Hoc|iPhoneSimulator
		{62EAC701-8E84-4381-BC05-5CB04C10CA84}.Ad-Hoc|iPhoneSimulator.Build.0 = Ad-Hoc|iPhoneSimulator
		{62EAC701-8E84-4381-BC05-5CB04C10CA84}.AppStore|Any CPU.ActiveCfg = AppStore|iPhone
		{62EAC701-8E84-4381-BC05-5CB04C10CA84}.AppStore|iPhone.ActiveCfg = AppStore|iPhone
		{62EAC701-8E84-4381-BC05-5CB04C10CA84}.AppStore|iPhone.Build.0 = AppStore|iPhone
		{62EAC701-8E84-4381-BC05-5CB04C10CA84}.AppStore|iPhoneSimulator.ActiveCfg = AppStore|iPhoneSimulator
		{62EAC701-8E84-4381-BC05-5CB04C10CA84}.AppStore|iPhoneSimulator.Build.0 = AppStore|iPhoneSimulator
		{62EAC701-8E84-4381-BC05-5CB04C10CA84}.Debug|Any CPU.ActiveCfg = Debug|iPhone
		{62EAC701-8E84-4381-BC05-5CB04C10CA84}.Debug|iPhone.ActiveCfg = Debug|iPhone
		{62EAC701-8E84-4381-BC05-5CB04C10CA84}.Debug|iPhone.Build.0 = Debug|iPhone
		{62EAC701-8E84-4381-BC05-5CB04C10CA84}.Debug|iPhoneSimulator.ActiveCfg = Debug|iPhoneSimulator
		{62EAC701-8E84-4381-BC05-5CB04C10CA84}.Debug|iPhoneSimulator.Build.0 = Debug|iPhoneSimulator
		{62EAC701-8E84-4381-BC05-5CB04C10CA84}.Release|Any CPU.ActiveCfg = Release|iPhone
		{62EAC701-8E84-4381-BC05-5CB04C10CA84}.Release|iPhone.ActiveCfg = Release|iPhone
		{62EAC701-8E84-4381-BC05-5CB04C10CA84}.Release|iPhone.Build.0 = Release|iPhone
		{62EAC701-8E84-4381-BC05-5CB04C10CA84}.Release|iPhoneSimulator.ActiveCfg = Release|iPhoneSimulator
		{62EAC701-8E84-4381-BC05-5CB04C10CA84}.Release|iPhoneSimulator.Build.0 = Release|iPhoneSimulator
	EndGlobalSection
	GlobalSection(SolutionProperties) = preSolution
		HideSolutionNode = FALSE
	EndGlobalSection
EndGlobal
